
Microsoft Visual Studio Solution File, Format Version 12.00
# Visual Studio Version 16
VisualStudioVersion = 16.0.29230.47
MinimumVisualStudioVersion = 10.0.40219.1
Project("{FAE04EC0-301F-11D3-BF4B-00C04F79EFBC}") = "Product_Tracking", "Product_Tracking\Product_Tracking.csproj", "{9032AB40-F999-4126-97B6-500072AC313F}"
EndProject
Global
	GlobalSection(SolutionConfigurationPlatforms) = preSolution
		Debug|Any CPU = Debug|Any CPU
		Release|Any CPU = Release|Any CPU
	EndGlobalSection
	GlobalSection(ProjectConfigurationPlatforms) = postSolution
		{9032AB40-F999-4126-97B6-500072AC313F}.Debug|Any CPU.ActiveCfg = Debug|Any CPU
		{9032AB40-F999-4126-97B6-500072AC313F}.Debug|Any CPU.Build.0 = Debug|Any CPU
		{9032AB40-F999-4126-97B6-500072AC313F}.Release|Any CPU.ActiveCfg = Release|Any CPU
		{9032AB40-F999-4126-97B6-500072AC313F}.Release|Any CPU.Build.0 = Release|Any CPU
	EndGlobalSection
	GlobalSection(SolutionProperties) = preSolution
		HideSolutionNode = FALSE
	EndGlobalSection
	GlobalSection(ExtensibilityGlobals) = postSolution
		SolutionGuid = {F0B0C22B-5F07-4876-B828-5CE15A653E07}
	EndGlobalSection
EndGlobal
